hash: cd772943245410c282b6c48bba5b0214eb0d5a0edfde46a47f2d9648253f1c0f
updated: 2019-04-12T17:51:08.028382416+01:00
imports:
- name: github.com/armon/circbuf
  version: bbbad097214e2918d8543d5201d12bfd7bca254d
- name: github.com/armon/go-metrics
  version: f036747b9d0e8590f175a5d654a2194a7d9df4b5
- name: github.com/armon/go-radix
  version: 1a2de0c21c94309923825da3df33a4381872c795
- name: github.com/bgentry/speakeasy
  version: 4aabc24848ce5fd31929f7d1e4ea74d3709c14cd
- name: github.com/boltdb/bolt
  version: fd01fc79c553a8e99d512a07e8e0c63d4a3ccfc5
- name: github.com/CanonicalLtd/go-dqlite
  version: 3eab944668d7af5d0fc69ddb387ffda76300541c
  subpackages:
  - internal/bindings
  - internal/client
  - internal/connection
  - internal/logging
  - internal/protocol
  - internal/registry
  - internal/replication
  - internal/trace
  - internal/transaction
- name: github.com/CanonicalLtd/raft-http
  version: 4c2dd679d3b46c11b250d63ae43467d4c4ab0962
- name: github.com/CanonicalLtd/raft-membership
  version: 3846634b0164affd0b3dfba1fdd7f9da6387e501
- name: github.com/CanonicalLtd/raft-test
  version: c3345b5e43c2b542007a11093afbbfecedd41648
  subpackages:
  - internal/election
  - internal/event
  - internal/fsms
  - internal/logging
  - internal/network
- name: github.com/davecgh/go-spew
  version: d8f796af33cc11cb798c1aaeb27a4ebc5099927d
  subpackages:
  - spew
- name: github.com/fatih/color
  version: 5df930a27be2502f99b292b7cc09ebad4d0891f4
- name: github.com/go-kit/kit
  version: d67bb4c202e3b91377d1079b110a6c9ce23ab2f8
  subpackages:
  - log
  - log/level
- name: github.com/go-logfmt/logfmt
  version: 390ab7935ee28ec6b286364bba9b4dd6410cb3d5
- name: github.com/go-stack/stack
  version: 7a2f19628aabfe68f0766b59e74d6315f8347d22
- name: github.com/gogo/protobuf
  version: 4aa4cc277ae58d2fab6cfe51dd17df5dceaf457d
  subpackages:
  - proto
- name: github.com/golang/mock
  version: 8a44ef6e8be577e050008c7886f24fc705d709fb
  subpackages:
  - gomock
- name: github.com/golang/protobuf
  version: 4bd1920723d7b7c925de087aa32e2187708897f7
  subpackages:
  - proto
- name: github.com/google/btree
  version: 20236160a414454a9c64b6c8829381c6f4bddcaa
- name: github.com/google/uuid
  version: 9b3b1e0f5f99ae461456d768e7d301a7acdaa2d8
- name: github.com/gorilla/context
  version: 08b5f424b9271eedf6f9f0ce86cb9396ed337a42
- name: github.com/gorilla/mux
  version: ded0c29b24f96f46cf349e6701b099db601cf8ec
- name: github.com/gorilla/websocket
  version: 483fb8d7c32fcb4b5636cd293a92e3935932e2f4
- name: github.com/hashicorp/errwrap
  version: 8a6fb523712970c966eefc6b39ed2c5e74880354
- name: github.com/hashicorp/go-msgpack
  version: fa3f63826f7c23912c15263591e65d54d080b458
  subpackages:
  - codec
- name: github.com/hashicorp/go-multierror
  version: 886a7fbe3eb1c874d46f623bfa70af45f425b3d1
- name: github.com/hashicorp/go-sockaddr
  version: 6d291a969b86c4b633730bfc6b8b9d64c3aafed9
- name: github.com/hashicorp/go-syslog
  version: 326bf4a7f709d263f964a6a96558676b103f3534
- name: github.com/hashicorp/go.net
  version: 104dcad90073cd8d1e6828b2af19185b60cf3e29
  subpackages:
  - internal/iana
  - ipv4
  - ipv6
- name: github.com/hashicorp/logutils
  version: a335183dfd075f638afcc820c90591ca3c97eba6
- name: github.com/hashicorp/mdns
  version: 4e527d9d808175f132f949523e640c699e4253bb
- name: github.com/hashicorp/memberlist
  version: a8f83c6403e0c718e9336784a270c09dc4613d3e
- name: github.com/hashicorp/raft
  version: d9517af3f8d2d25aaf55786b8fef505736940c5a
- name: github.com/hashicorp/raft-boltdb
  version: 6e5ba93211eaf8d9a2ad7e41ffad8c6f160f9fe3
- name: github.com/hashicorp/serf
  version: e516ab3e97c38fc10fb0dbde0437751823d08300
  subpackages:
  - cmd/serf/command/agent
  - coordinate
  - serf
- name: github.com/kr/logfmt
  version: b84e30acd515aadc4b783ad4ff83aff3299bdfe0
- name: github.com/mattn/go-colorable
  version: 5411d3eea5978e6cdc258b30de592b60df6aba96
  repo: https://github.com/mattn/go-colorable
- name: github.com/mattn/go-isatty
  version: 57fdcb988a5c543893cc61bce354a6e24ab70022
- name: github.com/mattn/go-runewidth
  version: 97311d9f7767e3d6f422ea06661bc2c7a19e8a5d
- name: github.com/mattn/go-sqlite3
  version: 1a378fb5bb5c0b41b45a0bd61a984072fe0fd0fb
- name: github.com/miekg/dns
  version: 450ab7d57fb96d2a1d85cc507d30a91d00185dd4
- name: github.com/mitchellh/cli
  version: 3d22a244be8aa6fb16ac24af0e195c08b7d973aa
- name: github.com/mitchellh/mapstructure
  version: 3536a929edddb9a5b34bd6861dc4a9647cb459fe
- name: github.com/olekukonko/tablewriter
  version: b8a9be070da40449e501c3c4730a889e42d87a9e
- name: github.com/pborman/uuid
  version: 8b1b92947f46224e3b97bb1a3a5b0382be00d31e
- name: github.com/pkg/errors
  version: c605e284fe17294bda444b34710735b29d1a9d90
- name: github.com/pmezard/go-difflib
  version: 792786c7400a136282c1664665ae0a8db921c6c2
  subpackages:
  - difflib
- name: github.com/posener/complete
  version: 3ef9b31a6a0613ae832e7ecf208374027c3b2343
  subpackages:
  - cmd
  - cmd/install
  - match
- name: github.com/Rican7/retry
  version: 272ad122d6e5ce1be757544007cf8bcd1c9c9ab0
  subpackages:
  - backoff
  - jitter
  - strategy
- name: github.com/ryanfaerman/fsm
  version: 3dc1bc0980272fd56d81167a48a641dab8356e29
- name: github.com/sean-/seed
  version: e2103e2c35297fb7e17febb81e49b312087a2372
- name: github.com/SimonRichardson/flagset
  version: d8eb0e54974d098768a93de414d268bc2d0a334f
- name: github.com/SimonRichardson/gexec
  version: c3f2b6a0a84bbf048eafea7f53c393899492806b
- name: github.com/SimonRichardson/resilience
  version: 2ec8da7dcb4ac9f31e2f5d1d3e83a729d7da1e67
- name: github.com/spoke-d/clui
  version: 06472c84a1c9917a8137f3c5e6987bdb40f29076
  subpackages:
  - args
  - ask
  - distance
  - flagset
  - install
  - isatty
  - radix
  - style
- name: github.com/spoke-d/task
  version: 1988a8e47acfcdd68c59ba6751f9dd841d75a020
- name: github.com/stretchr/testify
  version: f35b8ab0b5a2cef36673838d662e249dd9c94686
  subpackages:
  - assert
  - require
- name: golang.org/x/crypto
  version: 0e37d006457bf46f9e6692014ba72ef82c33022c
  subpackages:
  - ed25519
  - ed25519/internal/edwards25519
  - ssh/terminal
- name: golang.org/x/net
  version: 26e67e76b6c3f6ce91f7c52def5af501b4e0f3a2
  subpackages:
  - bpf
  - context
  - internal/iana
  - internal/socket
  - ipv4
  - ipv6
- name: golang.org/x/sys
  version: d0be0721c37eeb5299f245a996a483160fc36940
  subpackages:
  - unix
  - windows
- name: gopkg.in/yaml.v2
  version: 51d6538a90f86fe93ac480b35f37b2be17fef232
testImports:
- name: github.com/google/go-cmp
  version: 875f8df8b7965f1eac1098d36d677f807ac0b49e
  subpackages:
  - cmp
  - cmp/internal/diff
  - cmp/internal/function
  - cmp/internal/value
- name: gotest.tools
  version: 92091b3f341b5c76b6d599b215adb2d632f7bca1
  subpackages:
  - assert
  - assert/cmp
  - internal/difflib
  - internal/format
  - internal/source
