# This file is autogenerated, do not edit; changes may be undone by the next 'dep ensure'.


[[projects]]
  branch = "master"
  digest = "1:f1dd5ad5cc77450b3e23ad8766226013bb982bf2e092064cf53aa4332e56ce56"
  name = "github.com/CanonicalLtd/go-dqlite"
  packages = [
    ".",
    "internal/bindings",
    "internal/client",
    "internal/connection",
    "internal/logging",
    "internal/protocol",
    "internal/registry",
    "internal/replication",
    "internal/trace",
    "internal/transaction",
  ]
  pruneopts = "UT"
  revision = "3eab944668d7af5d0fc69ddb387ffda76300541c"

[[projects]]
  digest = "1:5fd54ad7c824426b9859d44e3f236e52dd8add71b26a41901ab78aa9aad69ac1"
  name = "github.com/CanonicalLtd/raft-http"
  packages = ["."]
  pruneopts = "UT"
  revision = "4c2dd679d3b46c11b250d63ae43467d4c4ab0962"

[[projects]]
  branch = "master"
  digest = "1:3f3a4be61541810a2cca40557aabde966f902adfc0d8c921c9387fe889722bfc"
  name = "github.com/CanonicalLtd/raft-membership"
  packages = ["."]
  pruneopts = "UT"
  revision = "3846634b0164affd0b3dfba1fdd7f9da6387e501"

[[projects]]
  digest = "1:948ed9306e1ea9fa86615d1442126e1e561e5bebf3e8da461847b3a8533016db"
  name = "github.com/CanonicalLtd/raft-test"
  packages = [
    ".",
    "internal/election",
    "internal/event",
    "internal/fsms",
    "internal/logging",
    "internal/network",
  ]
  pruneopts = "UT"
  revision = "c3345b5e43c2b542007a11093afbbfecedd41648"

[[projects]]
  branch = "master"
  digest = "1:624867f76fbb152203834a986d3846a22548f2a5086c8d04ce206b259662cdc8"
  name = "github.com/Rican7/retry"
  packages = [
    ".",
    "backoff",
    "jitter",
    "strategy",
  ]
  pruneopts = "UT"
  revision = "272ad122d6e5ce1be757544007cf8bcd1c9c9ab0"

[[projects]]
  digest = "1:752f1e64a07686d354c797fbde07c21f3d0e5a24f096858dbb731765a7e6a449"
  name = "github.com/armon/circbuf"
  packages = ["."]
  pruneopts = "UT"
  revision = "bbbad097214e2918d8543d5201d12bfd7bca254d"

[[projects]]
  digest = "1:6b8d7881a055c6e1f86ba02d26c5e8e1c0f78f77800c310f5f80278e0ceb3bc7"
  name = "github.com/armon/go-metrics"
  packages = ["."]
  pruneopts = "UT"
  revision = "f036747b9d0e8590f175a5d654a2194a7d9df4b5"

[[projects]]
  digest = "1:c47f4964978e211c6e566596ec6246c329912ea92e9bb99c00798bb4564c5b09"
  name = "github.com/armon/go-radix"
  packages = ["."]
  pruneopts = "UT"
  revision = "1a2de0c21c94309923825da3df33a4381872c795"
  version = "v1.0.0"

[[projects]]
  digest = "1:5bb36304653e73c2ced864d49c9f344e7141a7ceef852442edcea212094ebc3c"
  name = "github.com/beorn7/perks"
  packages = ["quantile"]
  pruneopts = "UT"
  revision = "4c0e84591b9aa9e6dcfdf3e020114cd81f89d5f9"

[[projects]]
  digest = "1:1343a2963481a305ca4d051e84bc2abd16b601ee22ed324f8d605de1adb291b0"
  name = "github.com/bgentry/speakeasy"
  packages = ["."]
  pruneopts = "UT"
  revision = "4aabc24848ce5fd31929f7d1e4ea74d3709c14cd"
  version = "v0.1.0"

[[projects]]
  branch = "master"
  digest = "1:965fa961ce7d2a2b0586ff1510c7268d9a8db78c0f08e15c3510ce7cceb963a9"
  name = "github.com/boltdb/bolt"
  packages = ["."]
  pruneopts = "UT"
  revision = "fd01fc79c553a8e99d512a07e8e0c63d4a3ccfc5"

[[projects]]
  digest = "1:ffe9824d294da03b391f44e1ae8281281b4afc1bdaa9588c9097785e3af10cec"
  name = "github.com/davecgh/go-spew"
  packages = ["spew"]
  pruneopts = "UT"
  revision = "8991bc29aa16c548c550c7ff78260e27b9ab7c73"
  version = "v1.1.1"

[[projects]]
  digest = "1:0af9a0d651e3e4e98304debf6d3d22c41f27922f8cf576ed3f443897d368d449"
  name = "github.com/fatih/color"
  packages = ["."]
  pruneopts = "UT"
  revision = "5df930a27be2502f99b292b7cc09ebad4d0891f4"

[[projects]]
  digest = "1:7e8ba7677decaf2c6ea3ee0c40eec253c6056732eeb0c7b3ed4bef3f286b845f"
  name = "github.com/go-kit/kit"
  packages = [
    "log",
    "log/level",
  ]
  pruneopts = "UT"
  revision = "d67bb4c202e3b91377d1079b110a6c9ce23ab2f8"

[[projects]]
  digest = "1:31a18dae27a29aa074515e43a443abfd2ba6deb6d69309d8d7ce789c45f34659"
  name = "github.com/go-logfmt/logfmt"
  packages = ["."]
  pruneopts = "UT"
  revision = "390ab7935ee28ec6b286364bba9b4dd6410cb3d5"
  version = "v0.3.0"

[[projects]]
  digest = "1:67b9a1022cf4fdfc4a5d44bf9a66bbc3d9ffa30994668f458eff61e266e2c82c"
  name = "github.com/go-stack/stack"
  packages = ["."]
  pruneopts = "UT"
  revision = "7a2f19628aabfe68f0766b59e74d6315f8347d22"
  version = "v1.5.3"

[[projects]]
  digest = "1:a726f8ee045df585a764716a960e485885a33fa4ecaf2ad23641a3752644020a"
  name = "github.com/gogo/protobuf"
  packages = ["proto"]
  pruneopts = "UT"
  revision = "4aa4cc277ae58d2fab6cfe51dd17df5dceaf457d"

[[projects]]
  digest = "1:2e292c0e36117b617c4df3f10ac9a7fe05e3c90bf057f1e61867c913d866e0c9"
  name = "github.com/golang/mock"
  packages = ["gomock"]
  pruneopts = "UT"
  revision = "8a44ef6e8be577e050008c7886f24fc705d709fb"

[[projects]]
  digest = "1:362005af64e654bd2658f49c136b48e68df9a6d38c4a79349b4ea7fe068956e2"
  name = "github.com/golang/protobuf"
  packages = ["proto"]
  pruneopts = "UT"
  revision = "4bd1920723d7b7c925de087aa32e2187708897f7"

[[projects]]
  branch = "master"
  digest = "1:9ee8443caeeb0351b809400ba79c896a2684a8170ceda2e99d23ffee2c8ed33c"
  name = "github.com/google/btree"
  packages = ["."]
  pruneopts = "UT"
  revision = "20236160a414454a9c64b6c8829381c6f4bddcaa"

[[projects]]
  digest = "1:2e3c336fc7fde5c984d2841455a658a6d626450b1754a854b3b32e7a8f49a07a"
  name = "github.com/google/go-cmp"
  packages = [
    "cmp",
    "cmp/internal/diff",
    "cmp/internal/function",
    "cmp/internal/value",
  ]
  pruneopts = "UT"
  revision = "3af367b6b30c263d47e8895973edcca9a49cf029"
  version = "v0.2.0"

[[projects]]
  digest = "1:236d7e1bdb50d8f68559af37dbcf9d142d56b431c9b2176d41e2a009b664cda8"
  name = "github.com/google/uuid"
  packages = ["."]
  pruneopts = "UT"
  revision = "9b3b1e0f5f99ae461456d768e7d301a7acdaa2d8"
  version = "v1.1.0"

[[projects]]
  digest = "1:c79fb010be38a59d657c48c6ba1d003a8aa651fa56b579d959d74573b7dff8e1"
  name = "github.com/gorilla/context"
  packages = ["."]
  pruneopts = "UT"
  revision = "08b5f424b9271eedf6f9f0ce86cb9396ed337a42"
  version = "v1.1.1"

[[projects]]
  digest = "1:87a0b12271abb5456171c087f977186b74e9336be03f056759a2d909fe174d96"
  name = "github.com/gorilla/mux"
  packages = ["."]
  pruneopts = "UT"
  revision = "ded0c29b24f96f46cf349e6701b099db601cf8ec"

[[projects]]
  digest = "1:fbf6ef64ade9cc8474adb1bc22d1679a3837c6f083666d6313bc0cadabc055f0"
  name = "github.com/gorilla/websocket"
  packages = ["."]
  pruneopts = "UT"
  revision = "483fb8d7c32fcb4b5636cd293a92e3935932e2f4"

[[projects]]
  digest = "1:0ade334594e69404d80d9d323445d2297ff8161637f9b2d347cc6973d2d6f05b"
  name = "github.com/hashicorp/errwrap"
  packages = ["."]
  pruneopts = "UT"
  revision = "8a6fb523712970c966eefc6b39ed2c5e74880354"
  version = "v1.0.0"

[[projects]]
  digest = "1:b8ba23b0b493e601d5ebaf21079bd3433eb304a5d73c0fb40b8aea526e94f46b"
  name = "github.com/hashicorp/go-msgpack"
  packages = ["codec"]
  pruneopts = "UT"
  revision = "fa3f63826f7c23912c15263591e65d54d080b458"

[[projects]]
  digest = "1:f668349b83f7d779567c880550534addeca7ebadfdcf44b0b9c39be61864b4b7"
  name = "github.com/hashicorp/go-multierror"
  packages = ["."]
  pruneopts = "UT"
  revision = "886a7fbe3eb1c874d46f623bfa70af45f425b3d1"
  version = "v1.0.0"

[[projects]]
  digest = "1:14f2005c31ddf99c4a0f36fc440f8d1ac43224194c7c4a904b3c8f4ba5654d0b"
  name = "github.com/hashicorp/go-sockaddr"
  packages = ["."]
  pruneopts = "UT"
  revision = "6d291a969b86c4b633730bfc6b8b9d64c3aafed9"

[[projects]]
  digest = "1:4d9d876a856ada3b553062ac8e50331a9a539e12893c0c4a50d8ae2af4242685"
  name = "github.com/hashicorp/go-syslog"
  packages = ["."]
  pruneopts = "UT"
  revision = "326bf4a7f709d263f964a6a96558676b103f3534"

[[projects]]
  digest = "1:14e2169fd9308979db0708469e3a780c83ed784c0e03c1b22c07da297dca5ac8"
  name = "github.com/hashicorp/go.net"
  packages = [
    "internal/iana",
    "ipv4",
    "ipv6",
  ]
  pruneopts = "UT"
  revision = "104dcad90073cd8d1e6828b2af19185b60cf3e29"

[[projects]]
  digest = "1:16ae35b3a854c667baaf55ff5d455c486f7c2baf040a2727f2ef0e4b096b2a95"
  name = "github.com/hashicorp/logutils"
  packages = ["."]
  pruneopts = "UT"
  revision = "a335183dfd075f638afcc820c90591ca3c97eba6"
  version = "v1.0.0"

[[projects]]
  digest = "1:216e864a4004f6ddbb568f1605be94feb190c5a07ac99026279c9a129a6896c9"
  name = "github.com/hashicorp/mdns"
  packages = ["."]
  pruneopts = "UT"
  revision = "4e527d9d808175f132f949523e640c699e4253bb"

[[projects]]
  digest = "1:a23e6d4004047fe471c332089fbf73558ded67eb0e76f9fade93643c67a318ab"
  name = "github.com/hashicorp/memberlist"
  packages = ["."]
  pruneopts = "UT"
  revision = "a8f83c6403e0c718e9336784a270c09dc4613d3e"

[[projects]]
  digest = "1:40f3a040e45d781925ac0947ca91c5c3ba19b347a3b1f2bdb8840731b712da93"
  name = "github.com/hashicorp/raft"
  packages = ["."]
  pruneopts = "UT"
  revision = "03ab673988a6cc84590a37717ab89c13787ca061"

[[projects]]
  digest = "1:ea66d77e9dd87e3b56355f8d9be5f551e8e44cbacc8b43114bd5acaece0b966e"
  name = "github.com/hashicorp/raft-boltdb"
  packages = ["."]
  pruneopts = "UT"
  revision = "6e5ba93211eaf8d9a2ad7e41ffad8c6f160f9fe3"

[[projects]]
  digest = "1:f4045b677304990027115f69de562be1d2e60198cf3754758b0b0a00f233e3b9"
  name = "github.com/hashicorp/serf"
  packages = [
    "cmd/serf/command/agent",
    "coordinate",
    "serf",
  ]
  pruneopts = "UT"
  revision = "15cfd05de3dffb3664aa37b06e91f970b825e380"
  version = "v0.8.3"

[[projects]]
  branch = "master"
  digest = "1:a64e323dc06b73892e5bb5d040ced475c4645d456038333883f58934abbf6f72"
  name = "github.com/kr/logfmt"
  packages = ["."]
  pruneopts = "UT"
  revision = "b84e30acd515aadc4b783ad4ff83aff3299bdfe0"

[[projects]]
  digest = "1:31fcf8f5f8f6cc36ef11182c0a0f63ba464e1a7ad9f0e92a7cf46f38bfc0adfd"
  name = "github.com/mattn/go-colorable"
  packages = ["."]
  pruneopts = "UT"
  revision = "5411d3eea5978e6cdc258b30de592b60df6aba96"

[[projects]]
  digest = "1:fa610f9fe6a93f4a75e64c83673dfff9bf1a34bbb21e6102021b6bc7850834a3"
  name = "github.com/mattn/go-isatty"
  packages = ["."]
  pruneopts = "UT"
  revision = "57fdcb988a5c543893cc61bce354a6e24ab70022"

[[projects]]
  digest = "1:bcdd3c95159bf18932c5a3bc7da945c19dd477f54d0d24f4ea04b31076468681"
  name = "github.com/mattn/go-runewidth"
  packages = ["."]
  pruneopts = "UT"
  revision = "97311d9f7767e3d6f422ea06661bc2c7a19e8a5d"

[[projects]]
  digest = "1:3f1c1b52a2420023127a72ec5dbec077ac760cf10a7cffd78a3bb79bf6cd30a4"
  name = "github.com/mattn/go-sqlite3"
  packages = ["."]
  pruneopts = "UT"
  revision = "1a378fb5bb5c0b41b45a0bd61a984072fe0fd0fb"

[[projects]]
  digest = "1:ff5ebae34cfbf047d505ee150de27e60570e8c394b3b8fdbb720ff6ac71985fc"
  name = "github.com/matttproud/golang_protobuf_extensions"
  packages = ["pbutil"]
  pruneopts = "UT"
  revision = "c12348ce28de40eed0136aa2b644d0ee0650e56c"
  version = "v1.0.1"

[[projects]]
  digest = "1:0f8e1c7cc5506b288334b15e6242fbd9c239e311bdb49c7f8a48ef149524692d"
  name = "github.com/miekg/dns"
  packages = ["."]
  pruneopts = "UT"
  revision = "450ab7d57fb96d2a1d85cc507d30a91d00185dd4"

[[projects]]
  digest = "1:dac0667a3fcdd4102a5da07abeddc89eb2f125b1e91af1ea9544c80eaff19c9a"
  name = "github.com/mitchellh/cli"
  packages = ["."]
  pruneopts = "UT"
  revision = "3d22a244be8aa6fb16ac24af0e195c08b7d973aa"
  version = "v1.0.0"

[[projects]]
  digest = "1:53bc4cd4914cd7cd52139990d5170d6dc99067ae31c56530621b18b35fc30318"
  name = "github.com/mitchellh/mapstructure"
  packages = ["."]
  pruneopts = "UT"
  revision = "3536a929edddb9a5b34bd6861dc4a9647cb459fe"
  version = "v1.1.2"

[[projects]]
  digest = "1:a8c4a5de1d305a9211794c9c82cef4b3460197755e2be5bb86a973e197d710dd"
  name = "github.com/olekukonko/tablewriter"
  packages = ["."]
  pruneopts = "UT"
  revision = "b8a9be070da40449e501c3c4730a889e42d87a9e"

[[projects]]
  digest = "1:0c6b643ffbdc3809b02a78f71f8df3b1f91545cb3daad73686b2c535cf1552f7"
  name = "github.com/pborman/uuid"
  packages = ["."]
  pruneopts = "UT"
  revision = "8b1b92947f46224e3b97bb1a3a5b0382be00d31e"
  version = "v1.2.0"

[[projects]]
  branch = "master"
  digest = "1:89da0f0574bc94cfd0ac8b59af67bf76cdd110d503df2721006b9f0492394333"
  name = "github.com/petar/GoLLRB"
  packages = ["llrb"]
  pruneopts = "UT"
  revision = "33fb24c13b99c46c93183c291836c573ac382536"

[[projects]]
  digest = "1:cf31692c14422fa27c83a05292eb5cbe0fb2775972e8f1f8446a71549bd8980b"
  name = "github.com/pkg/errors"
  packages = ["."]
  pruneopts = "UT"
  revision = "ba968bfe8b2f7e042a574c888954fccecfa385b4"
  version = "v0.8.1"

[[projects]]
  digest = "1:0028cb19b2e4c3112225cd871870f2d9cf49b9b4276531f03438a88e94be86fe"
  name = "github.com/pmezard/go-difflib"
  packages = ["difflib"]
  pruneopts = "UT"
  revision = "792786c7400a136282c1664665ae0a8db921c6c2"
  version = "v1.0.0"

[[projects]]
  digest = "1:57e168c6dfcc02c1c53bdf1589afbef59694d819cac65bfd3a855de2256d4950"
  name = "github.com/posener/complete"
  packages = [
    ".",
    "cmd",
    "cmd/install",
    "match",
  ]
  pruneopts = "UT"
  revision = "3ef9b31a6a0613ae832e7ecf208374027c3b2343"
  version = "v1.2.1"

[[projects]]
  digest = "1:67c3810417a0a3bf531d7665028365df0191508eaae5f4bc9f274b1f7eb765c3"
  name = "github.com/prometheus/client_golang"
  packages = [
    "prometheus",
    "prometheus/promhttp",
  ]
  pruneopts = "UT"
  revision = "94ff84a9a6ebb5e6eb9172897c221a64df3443bc"

[[projects]]
  digest = "1:32d10bdfa8f09ecf13598324dba86ab891f11db3c538b6a34d1c3b5b99d7c36b"
  name = "github.com/prometheus/client_model"
  packages = ["go"]
  pruneopts = "UT"
  revision = "6f3806018612930941127f2a7c6c453ba2c527d2"

[[projects]]
  digest = "1:79ac6d18d6b7eabed09995d83689c2c1d3c09dfdd892ddf3d2202765bef23582"
  name = "github.com/prometheus/common"
  packages = [
    "expfmt",
    "internal/bitbucket.org/ww/goautoneg",
    "model",
  ]
  pruneopts = "UT"
  revision = "3e6a7635bac6573d43f49f97b47eb9bda195dba8"

[[projects]]
  digest = "1:e3f36c748588410d67b7bb3fb442c339ee0c297100425b9040ed6bf3074978f6"
  name = "github.com/prometheus/procfs"
  packages = [
    ".",
    "xfs",
  ]
  pruneopts = "UT"
  revision = "e645f4e5aaa8506fc71d6edbc5c4ff02c04c46f2"

[[projects]]
  branch = "master"
  digest = "1:42ef1dbac1ba624bf5294622db1580410daa9dd398485f8b8a5d446ba6de1b53"
  name = "github.com/ryanfaerman/fsm"
  packages = ["."]
  pruneopts = "UT"
  revision = "3dc1bc0980272fd56d81167a48a641dab8356e29"

[[projects]]
  branch = "master"
  digest = "1:579c4bbcc2e16d4caf871ba91c0e2c331b07c5560c80d142d82c0de01c57fa96"
  name = "github.com/sean-/seed"
  packages = ["."]
  pruneopts = "UT"
  revision = "e2103e2c35297fb7e17febb81e49b312087a2372"

[[projects]]
  branch = "master"
  digest = "1:5f08ba6f3f4eb8f5653df2ddc14e037b859b4e9ec54d13fc5f0ea71cf29e9bc8"
  name = "github.com/spoke-d/clui"
  packages = [
    ".",
    "args",
    "ask",
    "distance",
    "flagset",
    "install",
    "isatty",
    "radix",
    "style",
  ]
  pruneopts = "UT"
  revision = "06472c84a1c9917a8137f3c5e6987bdb40f29076"

[[projects]]
  branch = "master"
  digest = "1:1f51abf48478fe17a0790fe1e3d814e6892fa06c465ecc7319b302a7c02c5910"
  name = "github.com/spoke-d/task"
  packages = ["."]
  pruneopts = "UT"
  revision = "1988a8e47acfcdd68c59ba6751f9dd841d75a020"

[[projects]]
  digest = "1:c40d65817cdd41fac9aa7af8bed56927bb2d6d47e4fea566a74880f5c2b1c41e"
  name = "github.com/stretchr/testify"
  packages = [
    "assert",
    "require",
  ]
  pruneopts = "UT"
  revision = "f35b8ab0b5a2cef36673838d662e249dd9c94686"
  version = "v1.2.2"

[[projects]]
  branch = "master"
  digest = "1:412617dfb5e9b6070dec2497471ca36c6f114f91bb5391d13f3cf1b0304ffc2c"
  name = "golang.org/x/crypto"
  packages = [
    "ed25519",
    "ed25519/internal/edwards25519",
    "ssh/terminal",
  ]
  pruneopts = "UT"
  revision = "ea8f1a30c4438cc8b13f05538385ad8dc6049b43"

[[projects]]
  branch = "master"
  digest = "1:13190cebca5f1bf793c2423ac871e5d7945d847af172f72b9cee5f5560eea7f4"
  name = "golang.org/x/net"
  packages = [
    "bpf",
    "context",
    "internal/iana",
    "internal/socket",
    "ipv4",
    "ipv6",
  ]
  pruneopts = "UT"
  revision = "b5b0513f8c1bb7c1e3e6f168fba117131fe2614a"

[[projects]]
  branch = "master"
  digest = "1:887c8f729841e19be77a3584a51e0249a04dc8c55f184c450995ca24770364d4"
  name = "golang.org/x/sys"
  packages = [
    "unix",
    "windows",
  ]
  pruneopts = "UT"
  revision = "6f217b454f458f9c81d48c1fff9e6f5ea6b0bbf2"

[[projects]]
  digest = "1:4d2e5a73dc1500038e504a8d78b986630e3626dc027bc030ba5c75da257cdb96"
  name = "gopkg.in/yaml.v2"
  packages = ["."]
  pruneopts = "UT"
  revision = "51d6538a90f86fe93ac480b35f37b2be17fef232"
  version = "v2.2.2"

[[projects]]
  digest = "1:bc0c1c387d9a3a3bb238e5ef5120a7a115bcf057fa654c2689610243616f5831"
  name = "gotest.tools"
  packages = [
    "assert",
    "assert/cmp",
    "internal/difflib",
    "internal/format",
    "internal/source",
  ]
  pruneopts = "UT"
  revision = "92091b3f341b5c76b6d599b215adb2d632f7bca1"

[solve-meta]
  analyzer-name = "dep"
  analyzer-version = 1
  input-imports = [
    "github.com/CanonicalLtd/go-dqlite",
    "github.com/CanonicalLtd/raft-http",
    "github.com/CanonicalLtd/raft-membership",
    "github.com/CanonicalLtd/raft-test",
    "github.com/boltdb/bolt",
    "github.com/go-kit/kit/log",
    "github.com/go-kit/kit/log/level",
    "github.com/go-logfmt/logfmt",
    "github.com/golang/mock/gomock",
    "github.com/gorilla/mux",
    "github.com/gorilla/websocket",
    "github.com/hashicorp/memberlist",
    "github.com/hashicorp/raft",
    "github.com/hashicorp/raft-boltdb",
    "github.com/hashicorp/serf/cmd/serf/command/agent",
    "github.com/hashicorp/serf/serf",
    "github.com/mattn/go-sqlite3",
    "github.com/olekukonko/tablewriter",
    "github.com/pborman/uuid",
    "github.com/pkg/errors",
    "github.com/prometheus/client_golang/prometheus",
    "github.com/prometheus/client_golang/prometheus/promhttp",
    "github.com/spoke-d/clui",
    "github.com/spoke-d/clui/ask",
    "github.com/spoke-d/clui/flagset",
    "github.com/spoke-d/clui/style",
    "github.com/spoke-d/task",
    "github.com/stretchr/testify/require",
    "gopkg.in/yaml.v2",
    "gotest.tools/assert",
  ]
  solver-name = "gps-cdcl"
  solver-version = 1
